<?xml version="1.0" encoding="utf-8"?>
<Project ToolsVersion="4.0" xmlns="http://schemas.microsoft.com/developer/msbuild/2003">
  <ItemGroup>
    <Filter Include="Source Files">
      <UniqueIdentifier>{4FC737F1-C7A5-4376-A066-2A32D752A2FF}</UniqueIdentifier>
      <Extensions>cpp;c;cc;cxx;def;odl;idl;hpj;bat;asm;asmx</Extensions>
    </Filter>
    <Filter Include="Header Files">
      <UniqueIdentifier>{93995380-89BD-4b04-88EB-625FBE52EBFB}</UniqueIdentifier>
      <Extensions>h;hpp;hxx;hm;inl;inc;xsd</Extensions>
    </Filter>
    <Filter Include="Resource Files">
      <UniqueIdentifier>{67DA6AB6-F800-4c08-8B7A-83BB121AAD01}</UniqueIdentifier>
      <Extensions>rc;ico;cur;bmp;dlg;rc2;rct;bin;rgs;gif;jpg;jpeg;jpe;resx;tiff;tif;png;wav;mfcribbon-ms</Extensions>
    </Filter>
  </ItemGroup>
  <ItemGroup>
    <ClCompile Include="src\ajastin.cpp">
      <Filter>Source Files</Filter>
    </ClCompile>
    <ClCompile Include="src\apuvalineet.cpp">
      <Filter>Source Files</Filter>
    </ClCompile>
    <ClCompile Include="src\lentokentta.cpp">
      <Filter>Source Files</Filter>
    </ClCompile>
    <ClCompile Include="src\lentokone.cpp">
      <Filter>Source Files</Filter>
    </ClCompile>
    <ClCompile Include="src\lukija.cpp">
      <Filter>Source Files</Filter>
    </ClCompile>
    <ClCompile Include="src\navipiste.cpp">
      <Filter>Source Files</Filter>
    </ClCompile>
    <ClCompile Include="src\ohjelma.cpp">
      <Filter>Source Files</Filter>
    </ClCompile>
    <ClCompile Include="src\peli.cpp">
      <Filter>Source Files</Filter>
    </ClCompile>
    <ClCompile Include="src\valikko.cpp">
      <Filter>Source Files</Filter>
    </ClCompile>
    <ClCompile Include="src\main.cpp">
      <Filter>Source Files</Filter>
    </ClCompile>
<<<<<<< HEAD
<<<<<<< HEAD
<<<<<<< HEAD
=======
>>>>>>> Refactored classes to own files, cleaned up interfaces.
=======
>>>>>>> e18e88d330f434014b136e5273d0c0732b3f0524
    <ClCompile Include="src\PeliController.cpp">
      <Filter>Source Files</Filter>
    </ClCompile>
    <ClCompile Include="src\peliview.cpp">
      <Filter>Source Files</Filter>
    </ClCompile>
<<<<<<< HEAD
<<<<<<< HEAD
<<<<<<< HEAD
    <ClCompile Include="src\asetukset.cpp">
      <Filter>Source Files</Filter>
    </ClCompile>
=======
>>>>>>> Upgrade to VS2013, refactored global, static stuff to proper classes.
=======
>>>>>>> Refactored classes to own files, cleaned up interfaces.
=======
    <ClCompile Include="src\asetukset.cpp">
      <Filter>Source Files</Filter>
    </ClCompile>
>>>>>>> Asetukset to own file.
=======
    <ClCompile Include="src\asetukset.cpp">
      <Filter>Source Files</Filter>
    </ClCompile>
>>>>>>> e18e88d330f434014b136e5273d0c0732b3f0524
  </ItemGroup>
  <ItemGroup>
    <ClInclude Include="src\ajastin.hpp">
      <Filter>Header Files</Filter>
    </ClInclude>
    <ClInclude Include="src\apuvalineet.hpp">
      <Filter>Header Files</Filter>
    </ClInclude>
    <ClInclude Include="src\kuvavarasto.hpp">
      <Filter>Header Files</Filter>
    </ClInclude>
    <ClInclude Include="src\lentokentta.hpp">
      <Filter>Header Files</Filter>
    </ClInclude>
    <ClInclude Include="src\lentokone.hpp">
      <Filter>Header Files</Filter>
    </ClInclude>
    <ClInclude Include="src\lukija.hpp">
      <Filter>Header Files</Filter>
    </ClInclude>
    <ClInclude Include="src\navipiste.hpp">
      <Filter>Header Files</Filter>
    </ClInclude>
    <ClInclude Include="src\ohjelma.hpp">
      <Filter>Header Files</Filter>
    </ClInclude>
    <ClInclude Include="src\peli.hpp">
      <Filter>Header Files</Filter>
    </ClInclude>
    <ClInclude Include="src\valikko.hpp">
      <Filter>Header Files</Filter>
    </ClInclude>
    <ClInclude Include="src\pelicontroller.hpp">
      <Filter>Header Files</Filter>
    </ClInclude>
    <ClInclude Include="src\peliview.hpp">
      <Filter>Header Files</Filter>
    </ClInclude>
<<<<<<< HEAD
<<<<<<< HEAD
<<<<<<< HEAD
    <ClInclude Include="src\asetukset.h">
      <Filter>Header Files</Filter>
    </ClInclude>
=======
>>>>>>> Refactored classes to own files, cleaned up interfaces.
=======
    <ClInclude Include="src\asetukset.h">
      <Filter>Header Files</Filter>
    </ClInclude>
>>>>>>> Asetukset to own file.
=======
    <ClInclude Include="src\asetukset.h">
      <Filter>Header Files</Filter>
    </ClInclude>
>>>>>>> e18e88d330f434014b136e5273d0c0732b3f0524
  </ItemGroup>
</Project>